
Microsoft Visual Studio Solution File, Format Version 12.00
# Visual Studio Version 16
VisualStudioVersion = 16.0.30804.86
MinimumVisualStudioVersion = 10.0.40219.1
Project("{9A19103F-16F7-4668-BE54-9A1E7A4F7556}") = "Puzzle", "Pazzle\Puzzle.csproj", "{0B0B2BDC-1AAF-453D-8DA9-B932192D638D}"
EndProject
Project("{9A19103F-16F7-4668-BE54-9A1E7A4F7556}") = "Puzzle.Test", "Pazzle.Test\Puzzle.Test.csproj", "{BCAD3E07-2B46-4EE8-AA6F-B8D9E825DCDE}"
EndProject
Global
	GlobalSection(SolutionConfigurationPlatforms) = preSolution
		Debug|Any CPU = Debug|Any CPU
		Release|Any CPU = Release|Any CPU
	EndGlobalSection
	GlobalSection(ProjectConfigurationPlatforms) = postSolution
		{0B0B2BDC-1AAF-453D-8DA9-B932192D638D}.Debug|Any CPU.ActiveCfg = Debug|Any CPU
		{0B0B2BDC-1AAF-453D-8DA9-B932192D638D}.Debug|Any CPU.Build.0 = Debug|Any CPU
		{0B0B2BDC-1AAF-453D-8DA9-B932192D638D}.Release|Any CPU.ActiveCfg = Release|Any CPU
		{0B0B2BDC-1AAF-453D-8DA9-B932192D638D}.Release|Any CPU.Build.0 = Release|Any CPU
		{BCAD3E07-2B46-4EE8-AA6F-B8D9E825DCDE}.Debug|Any CPU.ActiveCfg = Debug|Any CPU
		{BCAD3E07-2B46-4EE8-AA6F-B8D9E825DCDE}.Debug|Any CPU.Build.0 = Debug|Any CPU
		{BCAD3E07-2B46-4EE8-AA6F-B8D9E825DCDE}.Release|Any CPU.ActiveCfg = Release|Any CPU
		{BCAD3E07-2B46-4EE8-AA6F-B8D9E825DCDE}.Release|Any CPU.Build.0 = Release|Any CPU
	EndGlobalSection
	GlobalSection(SolutionProperties) = preSolution
		HideSolutionNode = FALSE
	EndGlobalSection
	GlobalSection(ExtensibilityGlobals) = postSolution
		SolutionGuid = {B9750447-B31D-41CB-B097-34BE19BE8793}
	EndGlobalSection
EndGlobal
